// !$*UTF8*$!
{
	archiveVersion = 1;
	classes = {
	};
	objectVersion = 50;
	objects = {

/* Begin PBXBuildFile section */
		2811F83C26E680D0008F03B8 /* SocialBaazarAppApp.swift in Sources */ = {isa = PBXBuildFile; fileRef = 2811F83B26E680D0008F03B8 /* SocialBaazarAppApp.swift */; };
		2811F83E26E680D0008F03B8 /* LoginSignupView.swift in Sources */ = {isa = PBXBuildFile; fileRef = 2811F83D26E680D0008F03B8 /* LoginSignupView.swift */; };
		2811F84026E680D2008F03B8 /* Assets.xcassets in Resources */ = {isa = PBXBuildFile; fileRef = 2811F83F26E680D2008F03B8 /* Assets.xcassets */; };
		2811F84326E680D2008F03B8 /* Preview Assets.xcassets in Resources */ = {isa = PBXBuildFile; fileRef = 2811F84226E680D2008F03B8 /* Preview Assets.xcassets */; };
		2811F84D26E6C5F8008F03B8 /* TopView.swift in Sources */ = {isa = PBXBuildFile; fileRef = 2811F84C26E6C5F8008F03B8 /* TopView.swift */; };
		2811F84F26E6C64B008F03B8 /* MiddleView.swift in Sources */ = {isa = PBXBuildFile; fileRef = 2811F84E26E6C64B008F03B8 /* MiddleView.swift */; };
		2811F85126E6C6BE008F03B8 /* BottomView.swift in Sources */ = {isa = PBXBuildFile; fileRef = 2811F85026E6C6BE008F03B8 /* BottomView.swift */; };
		2811F85626E709FE008F03B8 /* Top1View.swift in Sources */ = {isa = PBXBuildFile; fileRef = 2811F85526E709FE008F03B8 /* Top1View.swift */; };
		2811F85826E70A18008F03B8 /* ForgotPwView.swift in Sources */ = {isa = PBXBuildFile; fileRef = 2811F85726E70A18008F03B8 /* ForgotPwView.swift */; };
		2811F85A26E70A2C008F03B8 /* Middle1View.swift in Sources */ = {isa = PBXBuildFile; fileRef = 2811F85926E70A2C008F03B8 /* Middle1View.swift */; };
		2811F85C26E70A36008F03B8 /* Bottom1View.swift in Sources */ = {isa = PBXBuildFile; fileRef = 2811F85B26E70A36008F03B8 /* Bottom1View.swift */; };
		2811F85F26E71034008F03B8 /* ImagesView.swift in Sources */ = {isa = PBXBuildFile; fileRef = 2811F85E26E71034008F03B8 /* ImagesView.swift */; };
		2811F86126E71046008F03B8 /* NavView.swift in Sources */ = {isa = PBXBuildFile; fileRef = 2811F86026E71046008F03B8 /* NavView.swift */; };
		2811F86326E71061008F03B8 /* CustomCollectionView.swift in Sources */ = {isa = PBXBuildFile; fileRef = 2811F86226E71061008F03B8 /* CustomCollectionView.swift */; };
		2811F86526E71074008F03B8 /* AdsView.swift in Sources */ = {isa = PBXBuildFile; fileRef = 2811F86426E71074008F03B8 /* AdsView.swift */; };
		28B7901126E91D2F00370184 /* ProfileView.swift in Sources */ = {isa = PBXBuildFile; fileRef = 28B7901026E91D2F00370184 /* ProfileView.swift */; };
		28B7901326E9241100370184 /* ProfileNavView.swift in Sources */ = {isa = PBXBuildFile; fileRef = 28B7901226E9241000370184 /* ProfileNavView.swift */; };
		28B790DC26EAAB8E00370184 /* ProfileImageView.swift in Sources */ = {isa = PBXBuildFile; fileRef = 28B790DB26EAAB8E00370184 /* ProfileImageView.swift */; };
		28B790DE26EBD0D700370184 /* ProfileInfoView.swift in Sources */ = {isa = PBXBuildFile; fileRef = 28B790DD26EBD0D700370184 /* ProfileInfoView.swift */; };
		28B790E026EBFBCD00370184 /* SocialBaazarView.swift in Sources */ = {isa = PBXBuildFile; fileRef = 28B790DF26EBFBCD00370184 /* SocialBaazarView.swift */; };
/* End PBXBuildFile section */

/* Begin PBXFileReference section */
		2811F83826E680D0008F03B8 /* SocialBaazarApp.app */ = {isa = PBXFileReference; explicitFileType = wrapper.application; includeInIndex = 0; path = SocialBaazarApp.app; sourceTree = BUILT_PRODUCTS_DIR; };
		2811F83B26E680D0008F03B8 /* SocialBaazarAppApp.swift */ = {isa = PBXFileReference; lastKnownFileType = sourcecode.swift; path = SocialBaazarAppApp.swift; sourceTree = "<group>"; };
		2811F83D26E680D0008F03B8 /* LoginSignupView.swift */ = {isa = PBXFileReference; lastKnownFileType = sourcecode.swift; path = LoginSignupView.swift; sourceTree = "<group>"; };
		2811F83F26E680D2008F03B8 /* Assets.xcassets */ = {isa = PBXFileReference; lastKnownFileType = folder.assetcatalog; path = Assets.xcassets; sourceTree = "<group>"; };
		2811F84226E680D2008F03B8 /* Preview Assets.xcassets */ = {isa = PBXFileReference; lastKnownFileType = folder.assetcatalog; path = "Preview Assets.xcassets"; sourceTree = "<group>"; };
		2811F84426E680D2008F03B8 /* Info.plist */ = {isa = PBXFileReference; lastKnownFileType = text.plist.xml; path = Info.plist; sourceTree = "<group>"; };
		2811F84C26E6C5F8008F03B8 /* TopView.swift */ = {isa = PBXFileReference; lastKnownFileType = sourcecode.swift; path = TopView.swift; sourceTree = "<group>"; };
		2811F84E26E6C64B008F03B8 /* MiddleView.swift */ = {isa = PBXFileReference; lastKnownFileType = sourcecode.swift; path = MiddleView.swift; sourceTree = "<group>"; };
		2811F85026E6C6BE008F03B8 /* BottomView.swift */ = {isa = PBXFileReference; lastKnownFileType = sourcecode.swift; path = BottomView.swift; sourceTree = "<group>"; };
		2811F85526E709FE008F03B8 /* Top1View.swift */ = {isa = PBXFileReference; lastKnownFileType = sourcecode.swift; path = Top1View.swift; sourceTree = "<group>"; };
		2811F85726E70A18008F03B8 /* ForgotPwView.swift */ = {isa = PBXFileReference; lastKnownFileType = sourcecode.swift; path = ForgotPwView.swift; sourceTree = "<group>"; };
		2811F85926E70A2C008F03B8 /* Middle1View.swift */ = {isa = PBXFileReference; lastKnownFileType = sourcecode.swift; path = Middle1View.swift; sourceTree = "<group>"; };
		2811F85B26E70A36008F03B8 /* Bottom1View.swift */ = {isa = PBXFileReference; lastKnownFileType = sourcecode.swift; path = Bottom1View.swift; sourceTree = "<group>"; };
		2811F85E26E71034008F03B8 /* ImagesView.swift */ = {isa = PBXFileReference; lastKnownFileType = sourcecode.swift; path = ImagesView.swift; sourceTree = "<group>"; };
		2811F86026E71046008F03B8 /* NavView.swift */ = {isa = PBXFileReference; lastKnownFileType = sourcecode.swift; path = NavView.swift; sourceTree = "<group>"; };
		2811F86226E71061008F03B8 /* CustomCollectionView.swift */ = {isa = PBXFileReference; lastKnownFileType = sourcecode.swift; path = CustomCollectionView.swift; sourceTree = "<group>"; };
		2811F86426E71074008F03B8 /* AdsView.swift */ = {isa = PBXFileReference; lastKnownFileType = sourcecode.swift; path = AdsView.swift; sourceTree = "<group>"; };
		28B7901026E91D2F00370184 /* ProfileView.swift */ = {isa = PBXFileReference; lastKnownFileType = sourcecode.swift; path = ProfileView.swift; sourceTree = "<group>"; };
		28B7901226E9241000370184 /* ProfileNavView.swift */ = {isa = PBXFileReference; lastKnownFileType = sourcecode.swift; path = ProfileNavView.swift; sourceTree = "<group>"; };
		28B790DB26EAAB8E00370184 /* ProfileImageView.swift */ = {isa = PBXFileReference; lastKnownFileType = sourcecode.swift; path = ProfileImageView.swift; sourceTree = "<group>"; };
		28B790DD26EBD0D700370184 /* ProfileInfoView.swift */ = {isa = PBXFileReference; lastKnownFileType = sourcecode.swift; path = ProfileInfoView.swift; sourceTree = "<group>"; };
		28B790DF26EBFBCD00370184 /* SocialBaazarView.swift */ = {isa = PBXFileReference; lastKnownFileType = sourcecode.swift; path = SocialBaazarView.swift; sourceTree = "<group>"; };
/* End PBXFileReference section */

/* Begin PBXFrameworksBuildPhase section */
		2811F83526E680D0008F03B8 /* Frameworks */ = {
			isa = PBXFrameworksBuildPhase;
			buildActionMask = 2147483647;
			files = (
			);
			runOnlyForDeploymentPostprocessing = 0;
		};
/* End PBXFrameworksBuildPhase section */

/* Begin PBXGroup section */
		2811F82F26E680CF008F03B8 = {
			isa = PBXGroup;
			children = (
				2811F83A26E680D0008F03B8 /* SocialBaazarApp */,
				2811F83926E680D0008F03B8 /* Products */,
			);
			sourceTree = "<group>";
		};
		2811F83926E680D0008F03B8 /* Products */ = {
			isa = PBXGroup;
			children = (
				2811F83826E680D0008F03B8 /* SocialBaazarApp.app */,
			);
			name = Products;
			sourceTree = "<group>";
		};
		2811F83A26E680D0008F03B8 /* SocialBaazarApp */ = {
			isa = PBXGroup;
			children = (
				2811F84B26E6C5BF008F03B8 /* Views */,
				2811F83B26E680D0008F03B8 /* SocialBaazarAppApp.swift */,
				2811F83F26E680D2008F03B8 /* Assets.xcassets */,
				2811F84426E680D2008F03B8 /* Info.plist */,
				2811F84126E680D2008F03B8 /* Preview Content */,
			);
			path = SocialBaazarApp;
			sourceTree = "<group>";
		};
		2811F84126E680D2008F03B8 /* Preview Content */ = {
			isa = PBXGroup;
			children = (
				2811F84226E680D2008F03B8 /* Preview Assets.xcassets */,
			);
			path = "Preview Content";
			sourceTree = "<group>";
		};
		2811F84A26E6C597008F03B8 /* SignupLoginViews */ = {
			isa = PBXGroup;
			children = (
				2811F83D26E680D0008F03B8 /* LoginSignupView.swift */,
				2811F84C26E6C5F8008F03B8 /* TopView.swift */,
				2811F84E26E6C64B008F03B8 /* MiddleView.swift */,
				2811F85026E6C6BE008F03B8 /* BottomView.swift */,
			);
			path = SignupLoginViews;
			sourceTree = "<group>";
		};
		2811F84B26E6C5BF008F03B8 /* Views */ = {
			isa = PBXGroup;
			children = (
				28B7900F26E91CDF00370184 /* ProfileViews */,
				2811F85D26E7101D008F03B8 /* CollectionImagesViews */,
				2811F85426E709D4008F03B8 /* ForgotPasswordViews */,
				2811F84A26E6C597008F03B8 /* SignupLoginViews */,
			);
			path = Views;
			sourceTree = "<group>";
		};
		2811F85426E709D4008F03B8 /* ForgotPasswordViews */ = {
			isa = PBXGroup;
			children = (
				2811F85726E70A18008F03B8 /* ForgotPwView.swift */,
				2811F85526E709FE008F03B8 /* Top1View.swift */,
				2811F85926E70A2C008F03B8 /* Middle1View.swift */,
				2811F85B26E70A36008F03B8 /* Bottom1View.swift */,
			);
			path = ForgotPasswordViews;
			sourceTree = "<group>";
		};
		2811F85D26E7101D008F03B8 /* CollectionImagesViews */ = {
			isa = PBXGroup;
			children = (
				2811F85E26E71034008F03B8 /* ImagesView.swift */,
				2811F86026E71046008F03B8 /* NavView.swift */,
				2811F86226E71061008F03B8 /* CustomCollectionView.swift */,
				2811F86426E71074008F03B8 /* AdsView.swift */,
			);
			path = CollectionImagesViews;
			sourceTree = "<group>";
		};
		28B7900F26E91CDF00370184 /* ProfileViews */ = {
			isa = PBXGroup;
			children = (
				28B7901026E91D2F00370184 /* ProfileView.swift */,
				28B7901226E9241000370184 /* ProfileNavView.swift */,
				28B790DB26EAAB8E00370184 /* ProfileImageView.swift */,
				28B790DD26EBD0D700370184 /* ProfileInfoView.swift */,
				28B790DF26EBFBCD00370184 /* SocialBaazarView.swift */,
			);
			path = ProfileViews;
			sourceTree = "<group>";
		};
/* End PBXGroup section */

/* Begin PBXNativeTarget section */
		2811F83726E680D0008F03B8 /* SocialBaazarApp */ = {
			isa = PBXNativeTarget;
			buildConfigurationList = 2811F84726E680D2008F03B8 /* Build configuration list for PBXNativeTarget "SocialBaazarApp" */;
			buildPhases = (
				2811F83426E680D0008F03B8 /* Sources */,
				2811F83526E680D0008F03B8 /* Frameworks */,
				2811F83626E680D0008F03B8 /* Resources */,
			);
			buildRules = (
			);
			dependencies = (
			);
			name = SocialBaazarApp;
			productName = SocialBaazarApp;
			productReference = 2811F83826E680D0008F03B8 /* SocialBaazarApp.app */;
			productType = "com.apple.product-type.application";
		};
/* End PBXNativeTarget section */

/* Begin PBXProject section */
		2811F83026E680CF008F03B8 /* Project object */ = {
			isa = PBXProject;
			attributes = {
				LastSwiftUpdateCheck = 1250;
				LastUpgradeCheck = 1250;
				TargetAttributes = {
					2811F83726E680D0008F03B8 = {
						CreatedOnToolsVersion = 12.5.1;
					};
				};
			};
			buildConfigurationList = 2811F83326E680CF008F03B8 /* Build configuration list for PBXProject "SocialBaazarApp" */;
			compatibilityVersion = "Xcode 9.3";
			developmentRegion = en;
			hasScannedForEncodings = 0;
			knownRegions = (
				en,
				Base,
			);
			mainGroup = 2811F82F26E680CF008F03B8;
			productRefGroup = 2811F83926E680D0008F03B8 /* Products */;
			projectDirPath = "";
			projectRoot = "";
			targets = (
				2811F83726E680D0008F03B8 /* SocialBaazarApp */,
			);
		};
/* End PBXProject section */

/* Begin PBXResourcesBuildPhase section */
		2811F83626E680D0008F03B8 /* Resources */ = {
			isa = PBXResourcesBuildPhase;
			buildActionMask = 2147483647;
			files = (
				2811F84326E680D2008F03B8 /* Preview Assets.xcassets in Resources */,
				2811F84026E680D2008F03B8 /* Assets.xcassets in Resources */,
			);
			runOnlyForDeploymentPostprocessing = 0;
		};
/* End PBXResourcesBuildPhase section */

/* Begin PBXSourcesBuildPhase section */
		2811F83426E680D0008F03B8 /* Sources */ = {
			isa = PBXSourcesBuildPhase;
			buildActionMask = 2147483647;
			files = (
				28B790DC26EAAB8E00370184 /* ProfileImageView.swift in Sources */,
				2811F85C26E70A36008F03B8 /* Bottom1View.swift in Sources */,
				2811F83E26E680D0008F03B8 /* LoginSignupView.swift in Sources */,
				2811F85F26E71034008F03B8 /* ImagesView.swift in Sources */,
				2811F86326E71061008F03B8 /* CustomCollectionView.swift in Sources */,
				2811F84F26E6C64B008F03B8 /* MiddleView.swift in Sources */,
				2811F84D26E6C5F8008F03B8 /* TopView.swift in Sources */,
				2811F86526E71074008F03B8 /* AdsView.swift in Sources */,
				28B790E026EBFBCD00370184 /* SocialBaazarView.swift in Sources */,
				2811F83C26E680D0008F03B8 /* SocialBaazarAppApp.swift in Sources */,
				2811F85626E709FE008F03B8 /* Top1View.swift in Sources */,
				2811F86126E71046008F03B8 /* NavView.swift in Sources */,
				28B7901326E9241100370184 /* ProfileNavView.swift in Sources */,
				2811F85A26E70A2C008F03B8 /* Middle1View.swift in Sources */,
				2811F85826E70A18008F03B8 /* ForgotPwView.swift in Sources */,
				28B7901126E91D2F00370184 /* ProfileView.swift in Sources */,
				28B790DE26EBD0D700370184 /* ProfileInfoView.swift in Sources */,
				2811F85126E6C6BE008F03B8 /* BottomView.swift in Sources */,
			);
			runOnlyForDeploymentPostprocessing = 0;
		};
/* End PBXSourcesBuildPhase section */

/* Begin XCBuildConfiguration section */
		2811F84526E680D2008F03B8 /* Debug */ = {
			isa = XCBuildConfiguration;
			buildSettings = {
				ALWAYS_SEARCH_USER_PATHS = NO;
				CLANG_ANALYZER_NONNULL = YES;
				CLANG_ANALYZER_NUMBER_OBJECT_CONVERSION = YES_AGGRESSIVE;
				CLANG_CXX_LANGUAGE_STANDARD = "gnu++14";
				CLANG_CXX_LIBRARY = "libc++";
				CLANG_ENABLE_MODULES = YES;
				CLANG_ENABLE_OBJC_ARC = YES;
				CLANG_ENABLE_OBJC_WEAK = YES;
				CLANG_WARN_BLOCK_CAPTURE_AUTORELEASING = YES;
				CLANG_WARN_BOOL_CONVERSION = YES;
				CLANG_WARN_COMMA = YES;
				CLANG_WARN_CONSTANT_CONVERSION = YES;
				CLANG_WARN_DEPRECATED_OBJC_IMPLEMENTATIONS = YES;
				CLANG_WARN_DIRECT_OBJC_ISA_USAGE = YES_ERROR;
				CLANG_WARN_DOCUMENTATION_COMMENTS = YES;
				CLANG_WARN_EMPTY_BODY = YES;
				CLANG_WARN_ENUM_CONVERSION = YES;
				CLANG_WARN_INFINITE_RECURSION = YES;
				CLANG_WARN_INT_CONVERSION = YES;
				CLANG_WARN_NON_LITERAL_NULL_CONVERSION = YES;
				CLANG_WARN_OBJC_IMPLICIT_RETAIN_SELF = YES;
				CLANG_WARN_OBJC_LITERAL_CONVERSION = YES;
				CLANG_WARN_OBJC_ROOT_CLASS = YES_ERROR;
				CLANG_WARN_QUOTED_INCLUDE_IN_FRAMEWORK_HEADER = YES;
				CLANG_WARN_RANGE_LOOP_ANALYSIS = YES;
				CLANG_WARN_STRICT_PROTOTYPES = YES;
				CLANG_WARN_SUSPICIOUS_MOVE = YES;
				CLANG_WARN_UNGUARDED_AVAILABILITY = YES_AGGRESSIVE;
				CLANG_WARN_UNREACHABLE_CODE = YES;
				CLANG_WARN__DUPLICATE_METHOD_MATCH = YES;
				COPY_PHASE_STRIP = NO;
				DEBUG_INFORMATION_FORMAT = dwarf;
				ENABLE_STRICT_OBJC_MSGSEND = YES;
				ENABLE_TESTABILITY = YES;
				GCC_C_LANGUAGE_STANDARD = gnu11;
				GCC_DYNAMIC_NO_PIC = NO;
				GCC_NO_COMMON_BLOCKS = YES;
				GCC_OPTIMIZATION_LEVEL = 0;
				GCC_PREPROCESSOR_DEFINITIONS = (
					"DEBUG=1",
					"$(inherited)",
				);
				GCC_WARN_64_TO_32_BIT_CONVERSION = YES;
				GCC_WARN_ABOUT_RETURN_TYPE = YES_ERROR;
				GCC_WARN_UNDECLARED_SELECTOR = YES;
				GCC_WARN_UNINITIALIZED_AUTOS = YES_AGGRESSIVE;
				GCC_WARN_UNUSED_FUNCTION = YES;
				GCC_WARN_UNUSED_VARIABLE = YES;
				IPHONEOS_DEPLOYMENT_TARGET = 14.5;
				MTL_ENABLE_DEBUG_INFO = INCLUDE_SOURCE;
				MTL_FAST_MATH = YES;
				ONLY_ACTIVE_ARCH = YES;
				SDKROOT = iphoneos;
				SWIFT_ACTIVE_COMPILATION_CONDITIONS = DEBUG;
				SWIFT_OPTIMIZATION_LEVEL = "-Onone";
			};
			name = Debug;
		};
		2811F84626E680D2008F03B8 /* Release */ = {
			isa = XCBuildConfiguration;
			buildSettings = {
				ALWAYS_SEARCH_USER_PATHS = NO;
				CLANG_ANALYZER_NONNULL = YES;
				CLANG_ANALYZER_NUMBER_OBJECT_CONVERSION = YES_AGGRESSIVE;
				CLANG_CXX_LANGUAGE_STANDARD = "gnu++14";
				CLANG_CXX_LIBRARY = "libc++";
				CLANG_ENABLE_MODULES = YES;
				CLANG_ENABLE_OBJC_ARC = YES;
				CLANG_ENABLE_OBJC_WEAK = YES;
				CLANG_WARN_BLOCK_CAPTURE_AUTORELEASING = YES;
				CLANG_WARN_BOOL_CONVERSION = YES;
				CLANG_WARN_COMMA = YES;
				CLANG_WARN_CONSTANT_CONVERSION = YES;
				CLANG_WARN_DEPRECATED_OBJC_IMPLEMENTATIONS = YES;
				CLANG_WARN_DIRECT_OBJC_ISA_USAGE = YES_ERROR;
				CLANG_WARN_DOCUMENTATION_COMMENTS = YES;
				CLANG_WARN_EMPTY_BODY = YES;
				CLANG_WARN_ENUM_CONVERSION = YES;
				CLANG_WARN_INFINITE_RECURSION = YES;
				CLANG_WARN_INT_CONVERSION = YES;
				CLANG_WARN_NON_LITERAL_NULL_CONVERSION = YES;
				CLANG_WARN_OBJC_IMPLICIT_RETAIN_SELF = YES;
				CLANG_WARN_OBJC_LITERAL_CONVERSION = YES;
				CLANG_WARN_OBJC_ROOT_CLASS = YES_ERROR;
				CLANG_WARN_QUOTED_INCLUDE_IN_FRAMEWORK_HEADER = YES;
				CLANG_WARN_RANGE_LOOP_ANALYSIS = YES;
				CLANG_WARN_STRICT_PROTOTYPES = YES;
				CLANG_WARN_SUSPICIOUS_MOVE = YES;
				CLANG_WARN_UNGUARDED_AVAILABILITY = YES_AGGRESSIVE;
				CLANG_WARN_UNREACHABLE_CODE = YES;
				CLANG_WARN__DUPLICATE_METHOD_MATCH = YES;
				COPY_PHASE_STRIP = NO;
				DEBUG_INFORMATION_FORMAT = "dwarf-with-dsym";
				ENABLE_NS_ASSERTIONS = NO;
				ENABLE_STRICT_OBJC_MSGSEND = YES;
				GCC_C_LANGUAGE_STANDARD = gnu11;
				GCC_NO_COMMON_BLOCKS = YES;
				GCC_WARN_64_TO_32_BIT_CONVERSION = YES;
				GCC_WARN_ABOUT_RETURN_TYPE = YES_ERROR;
				GCC_WARN_UNDECLARED_SELECTOR = YES;
				GCC_WARN_UNINITIALIZED_AUTOS = YES_AGGRESSIVE;
				GCC_WARN_UNUSED_FUNCTION = YES;
				GCC_WARN_UNUSED_VARIABLE = YES;
				IPHONEOS_DEPLOYMENT_TARGET = 14.5;
				MTL_ENABLE_DEBUG_INFO = NO;
				MTL_FAST_MATH = YES;
				SDKROOT = iphoneos;
				SWIFT_COMPILATION_MODE = wholemodule;
				SWIFT_OPTIMIZATION_LEVEL = "-O";
				VALIDATE_PRODUCT = YES;
			};
			name = Release;
		};
		2811F84826E680D2008F03B8 /* Debug */ = {
			isa = XCBuildConfiguration;
			buildSettings = {
				ASSETCATALOG_COMPILER_APPICON_NAME = AppIcon;
				ASSETCATALOG_COMPILER_GLOBAL_ACCENT_COLOR_NAME = AccentColor;
				CODE_SIGN_STYLE = Automatic;
				DEVELOPMENT_ASSET_PATHS = "\"SocialBaazarApp/Preview Content\"";
				DEVELOPMENT_TEAM = RQAE768Z9N;
				ENABLE_PREVIEWS = YES;
				INFOPLIST_FILE = SocialBaazarApp/Info.plist;
				IPHONEOS_DEPLOYMENT_TARGET = 14.0;
				LD_RUNPATH_SEARCH_PATHS = (
					"$(inherited)",
					"@executable_path/Frameworks",
				);
				PRODUCT_BUNDLE_IDENTIFIER = com.iOSdev.batch29.SocialBaazarApp;
				PRODUCT_NAME = "$(TARGET_NAME)";
				SWIFT_VERSION = 5.0;
				TARGETED_DEVICE_FAMILY = "1,2";
			};
			name = Debug;
		};
		2811F84926E680D2008F03B8 /* Release */ = {
			isa = XCBuildConfiguration;
			buildSettings = {
				ASSETCATALOG_COMPILER_APPICON_NAME = AppIcon;
				ASSETCATALOG_COMPILER_GLOBAL_ACCENT_COLOR_NAME = AccentColor;
				CODE_SIGN_STYLE = Automatic;
				DEVELOPMENT_ASSET_PATHS = "\"SocialBaazarApp/Preview Content\"";
				DEVELOPMENT_TEAM = RQAE768Z9N;
				ENABLE_PREVIEWS = YES;
				INFOPLIST_FILE = SocialBaazarApp/Info.plist;
				IPHONEOS_DEPLOYMENT_TARGET = 14.0;
				LD_RUNPATH_SEARCH_PATHS = (
					"$(inherited)",
					"@executable_path/Frameworks",
				);
				PRODUCT_BUNDLE_IDENTIFIER = com.iOSdev.batch29.SocialBaazarApp;
				PRODUCT_NAME = "$(TARGET_NAME)";
				SWIFT_VERSION = 5.0;
				TARGETED_DEVICE_FAMILY = "1,2";
			};
			name = Release;
		};
/* End XCBuildConfiguration section */

/* Begin XCConfigurationList section */
		2811F83326E680CF008F03B8 /* Build configuration list for PBXProject "SocialBaazarApp" */ = {
			isa = XCConfigurationList;
			buildConfigurations = (
				2811F84526E680D2008F03B8 /* Debug */,
				2811F84626E680D2008F03B8 /* Release */,
			);
			defaultConfigurationIsVisible = 0;
			defaultConfigurationName = Release;
		};
		2811F84726E680D2008F03B8 /* Build configuration list for PBXNativeTarget "SocialBaazarApp" */ = {
			isa = XCConfigurationList;
			buildConfigurations = (
				2811F84826E680D2008F03B8 /* Debug */,
				2811F84926E680D2008F03B8 /* Release */,
			);
			defaultConfigurationIsVisible = 0;
			defaultConfigurationName = Release;
		};
/* End XCConfigurationList section */
	};
	rootObject = 2811F83026E680CF008F03B8 /* Project object */;
}
